
Microsoft Visual Studio Solution File, Format Version 12.00
# Visual Studio Version 16
VisualStudioVersion = 16.0.29230.47
MinimumVisualStudioVersion = 10.0.40219.1
Project("{2150E333-8FDC-42A3-9474-1A3956D46DE8}") = "src", "src", "{4E73D026-EA28-4B48-934F-F79731D4215A}"
EndProject
Project("{2150E333-8FDC-42A3-9474-1A3956D46DE8}") = "services", "services", "{40776786-637E-4FCC-920D-AA0964D433D5}"
EndProject
Project("{2150E333-8FDC-42A3-9474-1A3956D46DE8}") = "web", "web", "{9767C723-F9C3-45A2-9D57-8063FEB95C86}"
EndProject
Project("{9A19103F-16F7-4668-BE54-9A1E7A4F7556}") = "ProductCatalogAPI", "ProductCatalogAPI\ProductCatalogAPI.csproj", "{10201DC3-8DEA-4ED7-8827-ED464A750054}"
EndProject
Project("{E53339B2-1760-4266-BCC7-CA923CBCF16C}") = "docker-compose", "docker-compose.dcproj", "{BC7FD5FE-C78C-46E7-BF41-478E9E34189F}"
EndProject
Project("{9A19103F-16F7-4668-BE54-9A1E7A4F7556}") = "WebMVC", "WebMVC\WebMVC.csproj", "{C5DF22AD-22ED-4BDE-9D2C-9E1FF83AA051}"
EndProject
Project("{9A19103F-16F7-4668-BE54-9A1E7A4F7556}") = "TokenServiceApi", "TokenServiceApi\TokenServiceApi.csproj", "{975EE603-6B83-4FF6-9082-86ABB874244D}"
EndProject
Project("{9A19103F-16F7-4668-BE54-9A1E7A4F7556}") = "CartApi", "CartApi\CartApi.csproj", "{1C5E7C6C-4CDB-4249-B557-BC77BD5EAB5C}"
EndProject
Project("{FAE04EC0-301F-11D3-BF4B-00C04F79EFBC}") = "OrderApi", "OrderApi\OrderApi.csproj", "{8ECFD8AD-B570-449D-9FA1-131025698D62}"
EndProject
Global
	GlobalSection(SolutionConfigurationPlatforms) = preSolution
		Debug|Any CPU = Debug|Any CPU
		Release|Any CPU = Release|Any CPU
	EndGlobalSection
	GlobalSection(ProjectConfigurationPlatforms) = postSolution
		{10201DC3-8DEA-4ED7-8827-ED464A750054}.Debug|Any CPU.ActiveCfg = Debug|Any CPU
		{10201DC3-8DEA-4ED7-8827-ED464A750054}.Debug|Any CPU.Build.0 = Debug|Any CPU
		{10201DC3-8DEA-4ED7-8827-ED464A750054}.Release|Any CPU.ActiveCfg = Release|Any CPU
		{10201DC3-8DEA-4ED7-8827-ED464A750054}.Release|Any CPU.Build.0 = Release|Any CPU
		{BC7FD5FE-C78C-46E7-BF41-478E9E34189F}.Debug|Any CPU.ActiveCfg = Debug|Any CPU
		{BC7FD5FE-C78C-46E7-BF41-478E9E34189F}.Debug|Any CPU.Build.0 = Debug|Any CPU
		{BC7FD5FE-C78C-46E7-BF41-478E9E34189F}.Release|Any CPU.ActiveCfg = Release|Any CPU
		{BC7FD5FE-C78C-46E7-BF41-478E9E34189F}.Release|Any CPU.Build.0 = Release|Any CPU
		{C5DF22AD-22ED-4BDE-9D2C-9E1FF83AA051}.Debug|Any CPU.ActiveCfg = Debug|Any CPU
		{C5DF22AD-22ED-4BDE-9D2C-9E1FF83AA051}.Debug|Any CPU.Build.0 = Debug|Any CPU
		{C5DF22AD-22ED-4BDE-9D2C-9E1FF83AA051}.Release|Any CPU.ActiveCfg = Release|Any CPU
		{C5DF22AD-22ED-4BDE-9D2C-9E1FF83AA051}.Release|Any CPU.Build.0 = Release|Any CPU
		{975EE603-6B83-4FF6-9082-86ABB874244D}.Debug|Any CPU.ActiveCfg = Debug|Any CPU
		{975EE603-6B83-4FF6-9082-86ABB874244D}.Debug|Any CPU.Build.0 = Debug|Any CPU
		{975EE603-6B83-4FF6-9082-86ABB874244D}.Release|Any CPU.ActiveCfg = Release|Any CPU
		{975EE603-6B83-4FF6-9082-86ABB874244D}.Release|Any CPU.Build.0 = Release|Any CPU
		{1C5E7C6C-4CDB-4249-B557-BC77BD5EAB5C}.Debug|Any CPU.ActiveCfg = Debug|Any CPU
		{1C5E7C6C-4CDB-4249-B557-BC77BD5EAB5C}.Debug|Any CPU.Build.0 = Debug|Any CPU
		{1C5E7C6C-4CDB-4249-B557-BC77BD5EAB5C}.Release|Any CPU.ActiveCfg = Release|Any CPU
		{1C5E7C6C-4CDB-4249-B557-BC77BD5EAB5C}.Release|Any CPU.Build.0 = Release|Any CPU
		{8ECFD8AD-B570-449D-9FA1-131025698D62}.Debug|Any CPU.ActiveCfg = Debug|Any CPU
		{8ECFD8AD-B570-449D-9FA1-131025698D62}.Debug|Any CPU.Build.0 = Debug|Any CPU
		{8ECFD8AD-B570-449D-9FA1-131025698D62}.Release|Any CPU.ActiveCfg = Release|Any CPU
		{8ECFD8AD-B570-449D-9FA1-131025698D62}.Release|Any CPU.Build.0 = Release|Any CPU
	EndGlobalSection
	GlobalSection(SolutionProperties) = preSolution
		HideSolutionNode = FALSE
	EndGlobalSection
	GlobalSection(NestedProjects) = preSolution
		{40776786-637E-4FCC-920D-AA0964D433D5} = {4E73D026-EA28-4B48-934F-F79731D4215A}
		{9767C723-F9C3-45A2-9D57-8063FEB95C86} = {4E73D026-EA28-4B48-934F-F79731D4215A}
		{10201DC3-8DEA-4ED7-8827-ED464A750054} = {40776786-637E-4FCC-920D-AA0964D433D5}
		{C5DF22AD-22ED-4BDE-9D2C-9E1FF83AA051} = {9767C723-F9C3-45A2-9D57-8063FEB95C86}
		{975EE603-6B83-4FF6-9082-86ABB874244D} = {40776786-637E-4FCC-920D-AA0964D433D5}
		{1C5E7C6C-4CDB-4249-B557-BC77BD5EAB5C} = {40776786-637E-4FCC-920D-AA0964D433D5}
		{8ECFD8AD-B570-449D-9FA1-131025698D62} = {40776786-637E-4FCC-920D-AA0964D433D5}
	EndGlobalSection
	GlobalSection(ExtensibilityGlobals) = postSolution
		SolutionGuid = {E0E7033E-DFA6-4A1B-869C-19AA859E79DE}
	EndGlobalSection
EndGlobal
